
Microsoft Visual Studio Solution File, Format Version 11.00
# Visual Studio 2010
Project("{FAE04EC0-301F-11D3-BF4B-00C04F79EFBC}") = "BrowseTheWeb", "BrowseTheWeb\BrowseTheWeb.csproj", "{70ECF0E8-19B6-43A9-B3B5-B1BB13F6E241}"
EndProject
Project("{FAE04EC0-301F-11D3-BF4B-00C04F79EFBC}") = "Geckofx-Winforms", "geckofx-18.0\Geckofx-Winforms\Geckofx-Winforms.csproj", "{D7ADC901-E1C4-480E-8F6D-B1FFD5CF87E8}"
EndProject
Project("{FAE04EC0-301F-11D3-BF4B-00C04F79EFBC}") = "Geckofx-Core", "geckofx-18.0\Geckofx-Core\Geckofx-Core.csproj", "{6AB4EEE6-1889-43AB-83F7-A4F083230BE7}"
EndProject
Global
	GlobalSection(SolutionConfigurationPlatforms) = preSolution
		Debug_Linux|Any CPU = Debug_Linux|Any CPU
		Debug_Linux|Mixed Platforms = Debug_Linux|Mixed Platforms
		Debug_Linux|x86 = Debug_Linux|x86
		Debug_Windows|Any CPU = Debug_Windows|Any CPU
		Debug_Windows|Mixed Platforms = Debug_Windows|Mixed Platforms
		Debug_Windows|x86 = Debug_Windows|x86
		Debug|Any CPU = Debug|Any CPU
		Debug|Mixed Platforms = Debug|Mixed Platforms
		Debug|x86 = Debug|x86
		Release_Linux|Any CPU = Release_Linux|Any CPU
		Release_Linux|Mixed Platforms = Release_Linux|Mixed Platforms
		Release_Linux|x86 = Release_Linux|x86
		Release_Windows|Any CPU = Release_Windows|Any CPU
		Release_Windows|Mixed Platforms = Release_Windows|Mixed Platforms
		Release_Windows|x86 = Release_Windows|x86
		Release|Any CPU = Release|Any CPU
		Release|Mixed Platforms = Release|Mixed Platforms
		Release|x86 = Release|x86
	EndGlobalSection
	GlobalSection(ProjectConfigurationPlatforms) = postSolution
		{70ECF0E8-19B6-43A9-B3B5-B1BB13F6E241}.Debug_Linux|Any CPU.ActiveCfg = Debug|Any CPU
		{70ECF0E8-19B6-43A9-B3B5-B1BB13F6E241}.Debug_Linux|Any CPU.Build.0 = Debug|Any CPU
		{70ECF0E8-19B6-43A9-B3B5-B1BB13F6E241}.Debug_Linux|Mixed Platforms.ActiveCfg = Debug|Any CPU
		{70ECF0E8-19B6-43A9-B3B5-B1BB13F6E241}.Debug_Linux|Mixed Platforms.Build.0 = Debug|Any CPU
		{70ECF0E8-19B6-43A9-B3B5-B1BB13F6E241}.Debug_Linux|x86.ActiveCfg = Debug|Any CPU
		{70ECF0E8-19B6-43A9-B3B5-B1BB13F6E241}.Debug_Windows|Any CPU.ActiveCfg = Debug|Any CPU
		{70ECF0E8-19B6-43A9-B3B5-B1BB13F6E241}.Debug_Windows|Any CPU.Build.0 = Debug|Any CPU
		{70ECF0E8-19B6-43A9-B3B5-B1BB13F6E241}.Debug_Windows|Mixed Platforms.ActiveCfg = Debug|Any CPU
		{70ECF0E8-19B6-43A9-B3B5-B1BB13F6E241}.Debug_Windows|Mixed Platforms.Build.0 = Debug|Any CPU
		{70ECF0E8-19B6-43A9-B3B5-B1BB13F6E241}.Debug_Windows|x86.ActiveCfg = Debug|Any CPU
		{70ECF0E8-19B6-43A9-B3B5-B1BB13F6E241}.Debug|Any CPU.ActiveCfg = Debug|Any CPU
		{70ECF0E8-19B6-43A9-B3B5-B1BB13F6E241}.Debug|Any CPU.Build.0 = Debug|Any CPU
		{70ECF0E8-19B6-43A9-B3B5-B1BB13F6E241}.Debug|Mixed Platforms.ActiveCfg = Debug|Any CPU
		{70ECF0E8-19B6-43A9-B3B5-B1BB13F6E241}.Debug|Mixed Platforms.Build.0 = Debug|Any CPU
		{70ECF0E8-19B6-43A9-B3B5-B1BB13F6E241}.Debug|x86.ActiveCfg = Debug|Any CPU
		{70ECF0E8-19B6-43A9-B3B5-B1BB13F6E241}.Release_Linux|Any CPU.ActiveCfg = Release|Any CPU
		{70ECF0E8-19B6-43A9-B3B5-B1BB13F6E241}.Release_Linux|Any CPU.Build.0 = Release|Any CPU
		{70ECF0E8-19B6-43A9-B3B5-B1BB13F6E241}.Release_Linux|Mixed Platforms.ActiveCfg = Release|Any CPU
		{70ECF0E8-19B6-43A9-B3B5-B1BB13F6E241}.Release_Linux|Mixed Platforms.Build.0 = Release|Any CPU
		{70ECF0E8-19B6-43A9-B3B5-B1BB13F6E241}.Release_Linux|x86.ActiveCfg = Release|Any CPU
		{70ECF0E8-19B6-43A9-B3B5-B1BB13F6E241}.Release_Windows|Any CPU.ActiveCfg = Release|Any CPU
		{70ECF0E8-19B6-43A9-B3B5-B1BB13F6E241}.Release_Windows|Any CPU.Build.0 = Release|Any CPU
		{70ECF0E8-19B6-43A9-B3B5-B1BB13F6E241}.Release_Windows|Mixed Platforms.ActiveCfg = Release|Any CPU
		{70ECF0E8-19B6-43A9-B3B5-B1BB13F6E241}.Release_Windows|Mixed Platforms.Build.0 = Release|Any CPU
		{70ECF0E8-19B6-43A9-B3B5-B1BB13F6E241}.Release_Windows|x86.ActiveCfg = Release|Any CPU
		{70ECF0E8-19B6-43A9-B3B5-B1BB13F6E241}.Release|Any CPU.ActiveCfg = Release|Any CPU
		{70ECF0E8-19B6-43A9-B3B5-B1BB13F6E241}.Release|Any CPU.Build.0 = Release|Any CPU
		{70ECF0E8-19B6-43A9-B3B5-B1BB13F6E241}.Release|Mixed Platforms.ActiveCfg = Release|Any CPU
		{70ECF0E8-19B6-43A9-B3B5-B1BB13F6E241}.Release|Mixed Platforms.Build.0 = Release|Any CPU
		{70ECF0E8-19B6-43A9-B3B5-B1BB13F6E241}.Release|x86.ActiveCfg = Release|Any CPU
		{D7ADC901-E1C4-480E-8F6D-B1FFD5CF87E8}.Debug_Linux|Any CPU.ActiveCfg = Debug_Linux|Any CPU
		{D7ADC901-E1C4-480E-8F6D-B1FFD5CF87E8}.Debug_Linux|Any CPU.Build.0 = Debug_Linux|Any CPU
		{D7ADC901-E1C4-480E-8F6D-B1FFD5CF87E8}.Debug_Linux|Mixed Platforms.ActiveCfg = Debug_Linux|x86
		{D7ADC901-E1C4-480E-8F6D-B1FFD5CF87E8}.Debug_Linux|Mixed Platforms.Build.0 = Debug_Linux|x86
		{D7ADC901-E1C4-480E-8F6D-B1FFD5CF87E8}.Debug_Linux|x86.ActiveCfg = Debug_Linux|x86
		{D7ADC901-E1C4-480E-8F6D-B1FFD5CF87E8}.Debug_Linux|x86.Build.0 = Debug_Linux|x86
		{D7ADC901-E1C4-480E-8F6D-B1FFD5CF87E8}.Debug_Windows|Any CPU.ActiveCfg = Debug_Linux|x86
		{D7ADC901-E1C4-480E-8F6D-B1FFD5CF87E8}.Debug_Windows|Mixed Platforms.ActiveCfg = Debug|x86
		{D7ADC901-E1C4-480E-8F6D-B1FFD5CF87E8}.Debug_Windows|Mixed Platforms.Build.0 = Debug|x86
		{D7ADC901-E1C4-480E-8F6D-B1FFD5CF87E8}.Debug_Windows|x86.ActiveCfg = Debug_Linux|x86
		{D7ADC901-E1C4-480E-8F6D-B1FFD5CF87E8}.Debug_Windows|x86.Build.0 = Debug_Linux|x86
		{D7ADC901-E1C4-480E-8F6D-B1FFD5CF87E8}.Debug|Any CPU.ActiveCfg = Debug|Any CPU
		{D7ADC901-E1C4-480E-8F6D-B1FFD5CF87E8}.Debug|Any CPU.Build.0 = Debug|Any CPU
		{D7ADC901-E1C4-480E-8F6D-B1FFD5CF87E8}.Debug|Mixed Platforms.ActiveCfg = Debug|x86
		{D7ADC901-E1C4-480E-8F6D-B1FFD5CF87E8}.Debug|Mixed Platforms.Build.0 = Debug|x86
		{D7ADC901-E1C4-480E-8F6D-B1FFD5CF87E8}.Debug|x86.ActiveCfg = Debug|x86
		{D7ADC901-E1C4-480E-8F6D-B1FFD5CF87E8}.Debug|x86.Build.0 = Debug|x86
		{D7ADC901-E1C4-480E-8F6D-B1FFD5CF87E8}.Release_Linux|Any CPU.ActiveCfg = Release|x86
		{D7ADC901-E1C4-480E-8F6D-B1FFD5CF87E8}.Release_Linux|Mixed Platforms.ActiveCfg = Release|x86
		{D7ADC901-E1C4-480E-8F6D-B1FFD5CF87E8}.Release_Linux|Mixed Platforms.Build.0 = Release|x86
		{D7ADC901-E1C4-480E-8F6D-B1FFD5CF87E8}.Release_Linux|x86.ActiveCfg = Release|x86
		{D7ADC901-E1C4-480E-8F6D-B1FFD5CF87E8}.Release_Linux|x86.Build.0 = Release|x86
		{D7ADC901-E1C4-480E-8F6D-B1FFD5CF87E8}.Release_Windows|Any CPU.ActiveCfg = Release|x86
		{D7ADC901-E1C4-480E-8F6D-B1FFD5CF87E8}.Release_Windows|Mixed Platforms.ActiveCfg = Release|x86
		{D7ADC901-E1C4-480E-8F6D-B1FFD5CF87E8}.Release_Windows|Mixed Platforms.Build.0 = Release|x86
		{D7ADC901-E1C4-480E-8F6D-B1FFD5CF87E8}.Release_Windows|x86.ActiveCfg = Release|x86
		{D7ADC901-E1C4-480E-8F6D-B1FFD5CF87E8}.Release_Windows|x86.Build.0 = Release|x86
		{D7ADC901-E1C4-480E-8F6D-B1FFD5CF87E8}.Release|Any CPU.ActiveCfg = Release|Any CPU
		{D7ADC901-E1C4-480E-8F6D-B1FFD5CF87E8}.Release|Any CPU.Build.0 = Release|Any CPU
		{D7ADC901-E1C4-480E-8F6D-B1FFD5CF87E8}.Release|Mixed Platforms.ActiveCfg = Release|x86
		{D7ADC901-E1C4-480E-8F6D-B1FFD5CF87E8}.Release|Mixed Platforms.Build.0 = Release|x86
		{D7ADC901-E1C4-480E-8F6D-B1FFD5CF87E8}.Release|x86.ActiveCfg = Release|x86
		{D7ADC901-E1C4-480E-8F6D-B1FFD5CF87E8}.Release|x86.Build.0 = Release|x86
		{6AB4EEE6-1889-43AB-83F7-A4F083230BE7}.Debug_Linux|Any CPU.ActiveCfg = Debug_Linux|x86
		{6AB4EEE6-1889-43AB-83F7-A4F083230BE7}.Debug_Linux|Mixed Platforms.ActiveCfg = Debug_Linux|x86
		{6AB4EEE6-1889-43AB-83F7-A4F083230BE7}.Debug_Linux|Mixed Platforms.Build.0 = Debug_Linux|x86
		{6AB4EEE6-1889-43AB-83F7-A4F083230BE7}.Debug_Linux|x86.ActiveCfg = Debug_Linux|x86
		{6AB4EEE6-1889-43AB-83F7-A4F083230BE7}.Debug_Linux|x86.Build.0 = Debug_Linux|x86
		{6AB4EEE6-1889-43AB-83F7-A4F083230BE7}.Debug_Windows|Any CPU.ActiveCfg = Debug_Windows|x86
		{6AB4EEE6-1889-43AB-83F7-A4F083230BE7}.Debug_Windows|Mixed Platforms.ActiveCfg = Debug_Windows|x86
		{6AB4EEE6-1889-43AB-83F7-A4F083230BE7}.Debug_Windows|Mixed Platforms.Build.0 = Debug_Windows|x86
		{6AB4EEE6-1889-43AB-83F7-A4F083230BE7}.Debug_Windows|x86.ActiveCfg = Debug_Windows|x86
		{6AB4EEE6-1889-43AB-83F7-A4F083230BE7}.Debug_Windows|x86.Build.0 = Debug_Windows|x86
		{6AB4EEE6-1889-43AB-83F7-A4F083230BE7}.Debug|Any CPU.ActiveCfg = Debug_Windows|x86
		{6AB4EEE6-1889-43AB-83F7-A4F083230BE7}.Debug|Mixed Platforms.ActiveCfg = Debug_Windows|x86
		{6AB4EEE6-1889-43AB-83F7-A4F083230BE7}.Debug|Mixed Platforms.Build.0 = Debug_Windows|x86
		{6AB4EEE6-1889-43AB-83F7-A4F083230BE7}.Debug|x86.ActiveCfg = Debug_Windows|x86
		{6AB4EEE6-1889-43AB-83F7-A4F083230BE7}.Debug|x86.Build.0 = Debug_Windows|x86
		{6AB4EEE6-1889-43AB-83F7-A4F083230BE7}.Release_Linux|Any CPU.ActiveCfg = Release_Linux|x86
		{6AB4EEE6-1889-43AB-83F7-A4F083230BE7}.Release_Linux|Mixed Platforms.ActiveCfg = Release_Linux|x86
		{6AB4EEE6-1889-43AB-83F7-A4F083230BE7}.Release_Linux|Mixed Platforms.Build.0 = Release_Linux|x86
		{6AB4EEE6-1889-43AB-83F7-A4F083230BE7}.Release_Linux|x86.ActiveCfg = Release_Linux|x86
		{6AB4EEE6-1889-43AB-83F7-A4F083230BE7}.Release_Linux|x86.Build.0 = Release_Linux|x86
		{6AB4EEE6-1889-43AB-83F7-A4F083230BE7}.Release_Windows|Any CPU.ActiveCfg = Release_Windows|x86
		{6AB4EEE6-1889-43AB-83F7-A4F083230BE7}.Release_Windows|Mixed Platforms.ActiveCfg = Release_Windows|x86
		{6AB4EEE6-1889-43AB-83F7-A4F083230BE7}.Release_Windows|Mixed Platforms.Build.0 = Release_Windows|x86
		{6AB4EEE6-1889-43AB-83F7-A4F083230BE7}.Release_Windows|x86.ActiveCfg = Release_Windows|x86
		{6AB4EEE6-1889-43AB-83F7-A4F083230BE7}.Release_Windows|x86.Build.0 = Release_Windows|x86
		{6AB4EEE6-1889-43AB-83F7-A4F083230BE7}.Release|Any CPU.ActiveCfg = Release_Linux|x86
		{6AB4EEE6-1889-43AB-83F7-A4F083230BE7}.Release|Mixed Platforms.ActiveCfg = Release_Windows|x86
		{6AB4EEE6-1889-43AB-83F7-A4F083230BE7}.Release|Mixed Platforms.Build.0 = Release_Windows|x86
		{6AB4EEE6-1889-43AB-83F7-A4F083230BE7}.Release|x86.ActiveCfg = Release_Linux|x86
		{6AB4EEE6-1889-43AB-83F7-A4F083230BE7}.Release|x86.Build.0 = Release_Linux|x86
	EndGlobalSection
	GlobalSection(SolutionProperties) = preSolution
		HideSolutionNode = FALSE
	EndGlobalSection
EndGlobal
